
Microsoft Visual Studio Solution File, Format Version 12.00
# Visual Studio Version 17
VisualStudioVersion = 17.4.33205.214
MinimumVisualStudioVersion = 10.0.40219.1
Project("{9A19103F-16F7-4668-BE54-9A1E7A4F7556}") = "LatiteInjector", "LatiteInjector.csproj", "{8A892915-D6D7-46B2-A3D0-D33320239155}"
EndProject
Project("{8BC9CEB8-8B4A-11D0-8D11-00A0C91BC942}") = "Injector", "..\Injector\Injector.vcxproj", "{298C5DB4-363A-4A9F-A74A-867A4DE2704C}"
EndProject
Global
	GlobalSection(SolutionConfigurationPlatforms) = preSolution
		Debug|Any CPU = Debug|Any CPU
		Debug|x64 = Debug|x64
		Debug|x86 = Debug|x86
		Release|Any CPU = Release|Any CPU
		Release|x64 = Release|x64
		Release|x86 = Release|x86
	EndGlobalSection
	GlobalSection(ProjectConfigurationPlatforms) = postSolution
		{8A892915-D6D7-46B2-A3D0-D33320239155}.Debug|Any CPU.ActiveCfg = Debug|Any CPU
		{8A892915-D6D7-46B2-A3D0-D33320239155}.Debug|Any CPU.Build.0 = Debug|Any CPU
		{8A892915-D6D7-46B2-A3D0-D33320239155}.Debug|x64.ActiveCfg = Debug|x64
		{8A892915-D6D7-46B2-A3D0-D33320239155}.Debug|x64.Build.0 = Debug|x64
		{8A892915-D6D7-46B2-A3D0-D33320239155}.Debug|x86.ActiveCfg = Debug|Any CPU
		{8A892915-D6D7-46B2-A3D0-D33320239155}.Debug|x86.Build.0 = Debug|Any CPU
		{8A892915-D6D7-46B2-A3D0-D33320239155}.Release|Any CPU.ActiveCfg = Release|Any CPU
		{8A892915-D6D7-46B2-A3D0-D33320239155}.Release|Any CPU.Build.0 = Release|Any CPU
		{8A892915-D6D7-46B2-A3D0-D33320239155}.Release|x64.ActiveCfg = Release|x64
		{8A892915-D6D7-46B2-A3D0-D33320239155}.Release|x64.Build.0 = Release|x64
		{8A892915-D6D7-46B2-A3D0-D33320239155}.Release|x86.ActiveCfg = Release|Any CPU
		{8A892915-D6D7-46B2-A3D0-D33320239155}.Release|x86.Build.0 = Release|Any CPU
		{298C5DB4-363A-4A9F-A74A-867A4DE2704C}.Debug|Any CPU.ActiveCfg = Debug|x64
		{298C5DB4-363A-4A9F-A74A-867A4DE2704C}.Debug|Any CPU.Build.0 = Debug|x64
		{298C5DB4-363A-4A9F-A74A-867A4DE2704C}.Debug|x64.ActiveCfg = Debug|x64
		{298C5DB4-363A-4A9F-A74A-867A4DE2704C}.Debug|x64.Build.0 = Debug|x64
		{298C5DB4-363A-4A9F-A74A-867A4DE2704C}.Debug|x86.ActiveCfg = Debug|Win32
		{298C5DB4-363A-4A9F-A74A-867A4DE2704C}.Debug|x86.Build.0 = Debug|Win32
		{298C5DB4-363A-4A9F-A74A-867A4DE2704C}.Release|Any CPU.ActiveCfg = Release|x64
		{298C5DB4-363A-4A9F-A74A-867A4DE2704C}.Release|Any CPU.Build.0 = Release|x64
		{298C5DB4-363A-4A9F-A74A-867A4DE2704C}.Release|x64.ActiveCfg = Release|x64
		{298C5DB4-363A-4A9F-A74A-867A4DE2704C}.Release|x64.Build.0 = Release|x64
		{298C5DB4-363A-4A9F-A74A-867A4DE2704C}.Release|x86.ActiveCfg = Release|Win32
		{298C5DB4-363A-4A9F-A74A-867A4DE2704C}.Release|x86.Build.0 = Release|Win32
	EndGlobalSection
	GlobalSection(SolutionProperties) = preSolution
		HideSolutionNode = FALSE
	EndGlobalSection
	GlobalSection(ExtensibilityGlobals) = postSolution
		SolutionGuid = {2E60710B-1360-42DA-8298-1091ED1423EA}
	EndGlobalSection
EndGlobal
